
Microsoft Visual Studio Solution File, Format Version 12.00
Project("{FAE04EC0-301F-11D3-BF4B-00C04F79EFBC}") = "SportsBettingTrackerApp", "SportsBettingTrackerApp\SportsBettingTrackerApp.csproj", "{EFF6ED92-3B56-41A4-92EE-93F167A3D98F}"
EndProject
Global
	GlobalSection(SolutionConfigurationPlatforms) = preSolution
		Debug|Any CPU = Debug|Any CPU
		Release|Any CPU = Release|Any CPU
	EndGlobalSection
	GlobalSection(ProjectConfigurationPlatforms) = postSolution
		{EFF6ED92-3B56-41A4-92EE-93F167A3D98F}.Debug|Any CPU.ActiveCfg = Debug|Any CPU
		{EFF6ED92-3B56-41A4-92EE-93F167A3D98F}.Debug|Any CPU.Build.0 = Debug|Any CPU
		{EFF6ED92-3B56-41A4-92EE-93F167A3D98F}.Release|Any CPU.ActiveCfg = Release|Any CPU
		{EFF6ED92-3B56-41A4-92EE-93F167A3D98F}.Release|Any CPU.Build.0 = Release|Any CPU
	EndGlobalSection
EndGlobal
